
Microsoft Visual Studio Solution File, Format Version 12.00
# Visual Studio Version 17
VisualStudioVersion = 17.2.32630.192
MinimumVisualStudioVersion = 10.0.40219.1
Project("{9A19103F-16F7-4668-BE54-9A1E7A4F7556}") = "Groups", "Groups.csproj", "{601373DC-052A-44BC-A9B7-6CA383730602}"
EndProject
Project("{9A19103F-16F7-4668-BE54-9A1E7A4F7556}") = "Models", "..\Models\Models.csproj", "{11D5D2E7-22E8-4252-8B73-61169B6C69BA}"
EndProject
Project("{9A19103F-16F7-4668-BE54-9A1E7A4F7556}") = "DAL", "..\DAL\DAL.csproj", "{69F9EDA4-A58B-472B-A38F-6E3F864331E0}"
EndProject
Project("{FAE04EC0-301F-11D3-BF4B-00C04F79EFBC}") = "BL", "..\BL\BL.csproj", "{719E2E62-D0F1-4A32-8E36-406895FE8C02}"
EndProject
Global
	GlobalSection(SolutionConfigurationPlatforms) = preSolution
		Debug|Any CPU = Debug|Any CPU
		Release|Any CPU = Release|Any CPU
	EndGlobalSection
	GlobalSection(ProjectConfigurationPlatforms) = postSolution
		{601373DC-052A-44BC-A9B7-6CA383730602}.Debug|Any CPU.ActiveCfg = Debug|Any CPU
		{601373DC-052A-44BC-A9B7-6CA383730602}.Debug|Any CPU.Build.0 = Debug|Any CPU
		{601373DC-052A-44BC-A9B7-6CA383730602}.Release|Any CPU.ActiveCfg = Release|Any CPU
		{601373DC-052A-44BC-A9B7-6CA383730602}.Release|Any CPU.Build.0 = Release|Any CPU
		{11D5D2E7-22E8-4252-8B73-61169B6C69BA}.Debug|Any CPU.ActiveCfg = Debug|Any CPU
		{11D5D2E7-22E8-4252-8B73-61169B6C69BA}.Debug|Any CPU.Build.0 = Debug|Any CPU
		{11D5D2E7-22E8-4252-8B73-61169B6C69BA}.Release|Any CPU.ActiveCfg = Release|Any CPU
		{11D5D2E7-22E8-4252-8B73-61169B6C69BA}.Release|Any CPU.Build.0 = Release|Any CPU
		{69F9EDA4-A58B-472B-A38F-6E3F864331E0}.Debug|Any CPU.ActiveCfg = Debug|Any CPU
		{69F9EDA4-A58B-472B-A38F-6E3F864331E0}.Debug|Any CPU.Build.0 = Debug|Any CPU
		{69F9EDA4-A58B-472B-A38F-6E3F864331E0}.Release|Any CPU.ActiveCfg = Release|Any CPU
		{69F9EDA4-A58B-472B-A38F-6E3F864331E0}.Release|Any CPU.Build.0 = Release|Any CPU
		{719E2E62-D0F1-4A32-8E36-406895FE8C02}.Debug|Any CPU.ActiveCfg = Debug|Any CPU
		{719E2E62-D0F1-4A32-8E36-406895FE8C02}.Debug|Any CPU.Build.0 = Debug|Any CPU
		{719E2E62-D0F1-4A32-8E36-406895FE8C02}.Release|Any CPU.ActiveCfg = Release|Any CPU
		{719E2E62-D0F1-4A32-8E36-406895FE8C02}.Release|Any CPU.Build.0 = Release|Any CPU
	EndGlobalSection
	GlobalSection(SolutionProperties) = preSolution
		HideSolutionNode = FALSE
	EndGlobalSection
	GlobalSection(ExtensibilityGlobals) = postSolution
		SolutionGuid = {17F88933-B5FB-4428-BE64-B6747B5FB31C}
	EndGlobalSection
EndGlobal
